Microsoft Visual Studio Solution File, Format Version 12.00
# Visual Studio Version 17
VisualStudioVersion = 17.13.35828.75
MinimumVisualStudioVersion = 10.0.40219.1
Project("{FAE04EC0-301F-11D3-BF4B-00C04F79EFBC}") = "Lab2", "Lab2.csproj", "{00B69336-F0FD-45BF-9D78-84E1EAE7B4BB}"
EndProject
Project("{FAE04EC0-301F-11D3-BF4B-00C04F79EFBC}") = "Lab2_Forms", "..\Lab2_Forms\Lab2_Forms.csproj", "{743D5299-B209-4051-8AC1-1C14B7BA4966}"
EndProject
Project("{FAE04EC0-301F-11D3-BF4B-00C04F79EFBC}") = "Lab2MAUIApp", "..\Lab2MAUIApp\Lab2MAUIApp\Lab2MAUIApp.csproj", "{B5C38914-8814-4146-BB8F-C30C20591DD9}"
EndProject
Project("{FAE04EC0-301F-11D3-BF4B-00C04F79EFBC}") = "Lab2MAUIApp.Droid", "..\Lab2MAUIApp\Lab2MAUIApp.Droid\Lab2MAUIApp.Droid.csproj", "{B3002F5A-1F46-4515-BC24-60E6D60C47E5}"
EndProject
Project("{FAE04EC0-301F-11D3-BF4B-00C04F79EFBC}") = "Lab2MAUIApp.iOS", "..\Lab2MAUIApp\Lab2MAUIApp.iOS\Lab2MAUIApp.iOS.csproj", "{BF214A2D-4C48-4216-B843-D1616E133027}"
EndProject
Project("{FAE04EC0-301F-11D3-BF4B-00C04F79EFBC}") = "Lab2MAUIApp.Mac", "..\Lab2MAUIApp\Lab2MAUIApp.Mac\Lab2MAUIApp.Mac.csproj", "{497FD1ED-ACFA-42D4-A131-87E897D051FB}"
EndProject
Project("{FAE04EC0-301F-11D3-BF4B-00C04F79EFBC}") = "Lab2MAUIApp.WinUI", "..\Lab2MAUIApp\Lab2MAUIApp.WinUI\Lab2MAUIApp.WinUI.csproj", "{2F9C66EE-BC39-4537-8870-59B470A02324}"
EndProject
Global
	GlobalSection(SolutionConfigurationPlatforms) = preSolution
		Debug|Any CPU = Debug|Any CPU
		Release|Any CPU = Release|Any CPU
	EndGlobalSection
	GlobalSection(ProjectConfigurationPlatforms) = postSolution
		{00B69336-F0FD-45BF-9D78-84E1EAE7B4BB}.Debug|Any CPU.ActiveCfg = Debug|Any CPU
		{00B69336-F0FD-45BF-9D78-84E1EAE7B4BB}.Debug|Any CPU.Build.0 = Debug|Any CPU
		{00B69336-F0FD-45BF-9D78-84E1EAE7B4BB}.Release|Any CPU.ActiveCfg = Release|Any CPU
		{00B69336-F0FD-45BF-9D78-84E1EAE7B4BB}.Release|Any CPU.Build.0 = Release|Any CPU
		{743D5299-B209-4051-8AC1-1C14B7BA4966}.Debug|Any CPU.ActiveCfg = Debug|Any CPU
		{743D5299-B209-4051-8AC1-1C14B7BA4966}.Debug|Any CPU.Build.0 = Debug|Any CPU
		{743D5299-B209-4051-8AC1-1C14B7BA4966}.Release|Any CPU.ActiveCfg = Release|Any CPU
		{743D5299-B209-4051-8AC1-1C14B7BA4966}.Release|Any CPU.Build.0 = Release|Any CPU
		{B5C38914-8814-4146-BB8F-C30C20591DD9}.Debug|Any CPU.ActiveCfg = Debug|Any CPU
		{B5C38914-8814-4146-BB8F-C30C20591DD9}.Debug|Any CPU.Build.0 = Debug|Any CPU
		{B5C38914-8814-4146-BB8F-C30C20591DD9}.Release|Any CPU.ActiveCfg = Release|Any CPU
		{B5C38914-8814-4146-BB8F-C30C20591DD9}.Release|Any CPU.Build.0 = Release|Any CPU
		{B3002F5A-1F46-4515-BC24-60E6D60C47E5}.Debug|Any CPU.ActiveCfg = Debug|Any CPU
		{B3002F5A-1F46-4515-BC24-60E6D60C47E5}.Debug|Any CPU.Build.0 = Debug|Any CPU
		{B3002F5A-1F46-4515-BC24-60E6D60C47E5}.Debug|Any CPU.Deploy.0 = Debug|Any CPU
		{B3002F5A-1F46-4515-BC24-60E6D60C47E5}.Release|Any CPU.ActiveCfg = Release|Any CPU
		{B3002F5A-1F46-4515-BC24-60E6D60C47E5}.Release|Any CPU.Build.0 = Release|Any CPU
		{B3002F5A-1F46-4515-BC24-60E6D60C47E5}.Release|Any CPU.Deploy.0 = Release|Any CPU
		{BF214A2D-4C48-4216-B843-D1616E133027}.Debug|Any CPU.ActiveCfg = Debug|Any CPU
		{BF214A2D-4C48-4216-B843-D1616E133027}.Debug|Any CPU.Build.0 = Debug|Any CPU
		{BF214A2D-4C48-4216-B843-D1616E133027}.Debug|Any CPU.Deploy.0 = Debug|Any CPU
		{BF214A2D-4C48-4216-B843-D1616E133027}.Release|Any CPU.ActiveCfg = Release|Any CPU
		{BF214A2D-4C48-4216-B843-D1616E133027}.Release|Any CPU.Build.0 = Release|Any CPU
		{BF214A2D-4C48-4216-B843-D1616E133027}.Release|Any CPU.Deploy.0 = Release|Any CPU
		{497FD1ED-ACFA-42D4-A131-87E897D051FB}.Debug|Any CPU.ActiveCfg = Debug|Any CPU
		{497FD1ED-ACFA-42D4-A131-87E897D051FB}.Debug|Any CPU.Build.0 = Debug|Any CPU
		{497FD1ED-ACFA-42D4-A131-87E897D051FB}.Debug|Any CPU.Deploy.0 = Debug|Any CPU
		{497FD1ED-ACFA-42D4-A131-87E897D051FB}.Release|Any CPU.ActiveCfg = Release|Any CPU
		{497FD1ED-ACFA-42D4-A131-87E897D051FB}.Release|Any CPU.Build.0 = Release|Any CPU
		{497FD1ED-ACFA-42D4-A131-87E897D051FB}.Release|Any CPU.Deploy.0 = Release|Any CPU
		{2F9C66EE-BC39-4537-8870-59B470A02324}.Debug|Any CPU.ActiveCfg = Debug|x64
		{2F9C66EE-BC39-4537-8870-59B470A02324}.Debug|Any CPU.Build.0 = Debug|x64
		{2F9C66EE-BC39-4537-8870-59B470A02324}.Debug|Any CPU.Deploy.0 = Debug|x64
		{2F9C66EE-BC39-4537-8870-59B470A02324}.Release|Any CPU.ActiveCfg = Release|x64
		{2F9C66EE-BC39-4537-8870-59B470A02324}.Release|Any CPU.Build.0 = Release|x64
		{2F9C66EE-BC39-4537-8870-59B470A02324}.Release|Any CPU.Deploy.0 = Release|x64
	EndGlobalSection
	GlobalSection(SolutionProperties) = preSolution
		HideSolutionNode = FALSE
	EndGlobalSection
	GlobalSection(ExtensibilityGlobals) = postSolution
		SolutionGuid = {FA449B7E-68BC-468B-A22B-33876957B830}
	EndGlobalSection
EndGlobal
